
Microsoft Visual Studio Solution File, Format Version 12.00
# Visual Studio Version 17
VisualStudioVersion = 17.5.33516.290
MinimumVisualStudioVersion = 10.0.40219.1
Project("{FAE04EC0-301F-11D3-BF4B-00C04F79EFBC}") = "demo1", "demo1\demo1.csproj", "{5D204375-0FB1-4BC3-81E3-BDC5C3783823}"
EndProject
Global
	GlobalSection(SolutionConfigurationPlatforms) = preSolution
		Debug|Any CPU = Debug|Any CPU
		Release|Any CPU = Release|Any CPU
	EndGlobalSection
	GlobalSection(ProjectConfigurationPlatforms) = postSolution
		{5D204375-0FB1-4BC3-81E3-BDC5C3783823}.Debug|Any CPU.ActiveCfg = Debug|Any CPU
		{5D204375-0FB1-4BC3-81E3-BDC5C3783823}.Debug|Any CPU.Build.0 = Debug|Any CPU
		{5D204375-0FB1-4BC3-81E3-BDC5C3783823}.Release|Any CPU.ActiveCfg = Release|Any CPU
		{5D204375-0FB1-4BC3-81E3-BDC5C3783823}.Release|Any CPU.Build.0 = Release|Any CPU
	EndGlobalSection
	GlobalSection(SolutionProperties) = preSolution
		HideSolutionNode = FALSE
	EndGlobalSection
	GlobalSection(ExtensibilityGlobals) = postSolution
		SolutionGuid = {F21E006B-8A3F-4298-9536-904FAE855D39}
	EndGlobalSection
EndGlobal
